
Microsoft Visual Studio Solution File, Format Version 12.00
# Visual Studio 15
VisualStudioVersion = 15.0.28307.902
MinimumVisualStudioVersion = 10.0.40219.1
Project("{FAE04EC0-301F-11D3-BF4B-00C04F79EFBC}") = "Balaban Müzik", "Balaban Müzik\Balaban Müzik.csproj", "{42E877BA-9B5C-4DD6-A8CE-09102FF6436B}"
EndProject
Project("{54435603-DBB4-11D2-8724-00A0C9A8B90C}") = "Balaban Müzik Setup", "Balaban Müzik Setup\Balaban Müzik Setup.vdproj", "{DD47AF12-AF93-49DF-9BF9-94EF385CFB10}"
EndProject
Global
	GlobalSection(SolutionConfigurationPlatforms) = preSolution
		Debug|Any CPU = Debug|Any CPU
		Release|Any CPU = Release|Any CPU
	EndGlobalSection
	GlobalSection(ProjectConfigurationPlatforms) = postSolution
		{42E877BA-9B5C-4DD6-A8CE-09102FF6436B}.Debug|Any CPU.ActiveCfg = Debug|Any CPU
		{42E877BA-9B5C-4DD6-A8CE-09102FF6436B}.Debug|Any CPU.Build.0 = Debug|Any CPU
		{42E877BA-9B5C-4DD6-A8CE-09102FF6436B}.Release|Any CPU.ActiveCfg = Release|Any CPU
		{42E877BA-9B5C-4DD6-A8CE-09102FF6436B}.Release|Any CPU.Build.0 = Release|Any CPU
		{DD47AF12-AF93-49DF-9BF9-94EF385CFB10}.Debug|Any CPU.ActiveCfg = Debug
		{DD47AF12-AF93-49DF-9BF9-94EF385CFB10}.Release|Any CPU.ActiveCfg = Release
	EndGlobalSection
	GlobalSection(SolutionProperties) = preSolution
		HideSolutionNode = FALSE
	EndGlobalSection
	GlobalSection(ExtensibilityGlobals) = postSolution
		SolutionGuid = {6269FDDF-0404-449F-A6E8-92C6B0B888E0}
	EndGlobalSection
EndGlobal
